PODS:
  - Expecta (1.0.0)
  - JLRoutes (1.5.2)
  - ReactiveCocoa (2.5):
    - ReactiveCocoa/UI (= 2.5)
  - ReactiveCocoa/Core (2.5):
    - ReactiveCocoa/no-arc
  - ReactiveCocoa/no-arc (2.5)
  - ReactiveCocoa/UI (2.5):
    - ReactiveCocoa/Core
  - Specta (1.0.0)
  - Vespucci (0.4.10):
    - JLRoutes (~> 1.5.2)
    - ReactiveCocoa (~> 2.4)

DEPENDENCIES:
  - Expecta
  - Specta
  - Vespucci (from `../`)

EXTERNAL SOURCES:
  Vespucci:
    :path: "../"

SPEC CHECKSUMS:
  Expecta: 32604574add2c46a36f8d2f716b6c5736eb75024
  JLRoutes: fc36fd38ab476d5ac3a6a84b05be60e4b1a2bc81
  ReactiveCocoa: e2db045570aa97c695e7aa97c2bcab222ae51f4a
  Specta: 96fe05fe5c7348b5223f85e862904f6e832abb14
  Vespucci: 8f884c5ce5f383c248d4e46400a445462858c476

COCOAPODS: 0.38.2
